
Microsoft Visual Studio Solution File, Format Version 12.00
# Visual Studio 2012
Project("{FAE04EC0-301F-11D3-BF4B-00C04F79EFBC}") = "Adaptive.Core", "Adaptive.Core\Adaptive.Core.csproj", "{FF7AF9C3-EB75-43D7-8F5D-8DD2E378C655}"
EndProject
Project("{2150E333-8FDC-42A3-9474-1A3956D46DE8}") = "UnitTest", "UnitTest", "{37CDF27C-21BC-4BFE-872E-F5DA4A824ACC}"
EndProject
Project("{FAE04EC0-301F-11D3-BF4B-00C04F79EFBC}") = "Adaptive.Core.TEST", "Adaptive.Core.TEST\Adaptive.Core.TEST.csproj", "{3AA990CF-282B-4585-8BA2-C116E4720702}"
EndProject
Project("{FAE04EC0-301F-11D3-BF4B-00C04F79EFBC}") = "Adaptive.Mail", "Adaptive.Mail\Adaptive.Mail.csproj", "{1B79935C-A44F-4B99-9EAE-FA2F7BEA0E58}"
EndProject
Project("{FAE04EC0-301F-11D3-BF4B-00C04F79EFBC}") = "Adaptive.Mail.TEST", "Adaptive.Mail.TEST\Adaptive.Mail.TEST.csproj", "{97190673-A46E-4126-9BD4-AA6AC3C8658C}"
EndProject
Project("{FAE04EC0-301F-11D3-BF4B-00C04F79EFBC}") = "Adaptive.Log.NLog", "Adaptive.Log.NLog\Adaptive.Log.NLog.csproj", "{48DB16F0-E72E-4447-B00F-CD07A80A3CC0}"
EndProject
Project("{FAE04EC0-301F-11D3-BF4B-00C04F79EFBC}") = "Adaptive.Log.NLog.TEST", "Adaptive.Log.NLog.TEST\Adaptive.Log.NLog.TEST.csproj", "{A6F1D21A-2EE0-47E1-BA16-DFAFF3DBF449}"
EndProject
Project("{FAE04EC0-301F-11D3-BF4B-00C04F79EFBC}") = "Adaptive.Log", "Adaptive.Log\Adaptive.Log.csproj", "{4C283E6A-435F-4CAA-9A7D-5FA3D1B9B2F1}"
EndProject
Project("{FAE04EC0-301F-11D3-BF4B-00C04F79EFBC}") = "Adaptive.IO", "Adaptive.IO\Adaptive.IO.csproj", "{7C002882-2BFA-45B6-B421-1C2B54BD3689}"
EndProject
Project("{FAE04EC0-301F-11D3-BF4B-00C04F79EFBC}") = "Adaptive.IO.TEST", "Adaptive.IO.TEST\Adaptive.IO.TEST.csproj", "{EFDD914F-A53E-4E80-9035-E8A464048EA7}"
EndProject
Project("{FAE04EC0-301F-11D3-BF4B-00C04F79EFBC}") = "Adaptive.Database", "Adaptive.Database\Adaptive.Database.csproj", "{E69ABCC2-E724-403E-8A4F-6F9898C76FD0}"
EndProject
Project("{FAE04EC0-301F-11D3-BF4B-00C04F79EFBC}") = "Adaptive.Database.Dapper", "Adaptive.Database.Dapper\Adaptive.Database.Dapper.csproj", "{4CB87235-1B79-408C-BB30-2895172E6A53}"
EndProject
Project("{FAE04EC0-301F-11D3-BF4B-00C04F79EFBC}") = "Adaptive.Database.Dapper.TEST", "Adaptive.Database.Dapper.TEST\Adaptive.Database.Dapper.TEST.csproj", "{0111BC2D-4637-4C6D-BCED-5D46FC38DEEA}"
EndProject
Project("{2150E333-8FDC-42A3-9474-1A3956D46DE8}") = ".nuget", ".nuget", "{75D0E58D-0315-4C66-B149-0A3634903A36}"
	ProjectSection(SolutionItems) = preProject
		.nuget\NuGet.Config = .nuget\NuGet.Config
		.nuget\NuGet.exe = .nuget\NuGet.exe
		.nuget\NuGet.targets = .nuget\NuGet.targets
	EndProjectSection
EndProject
Global
	GlobalSection(TeamFoundationVersionControl) = preSolution
		SccNumberOfProjects = 13
		SccEnterpriseProvider = {4CA58AB2-18FA-4F8D-95D4-32DDF27D184C}
		SccTeamFoundationServer = https://tfs.codeplex.com/tfs/tfs13
		SccLocalPath0 = .
		SccProjectUniqueName1 = Adaptive.Core.TEST\\Adaptive.Core.TEST.csproj
		SccProjectTopLevelParentUniqueName1 = AdaptiveAccessLayers.sln
		SccProjectName1 = Adaptive.Core.TEST
		SccLocalPath1 = Adaptive.Core.TEST
		SccProjectUniqueName2 = Adaptive.Core\\Adaptive.Core.csproj
		SccProjectName2 = Adaptive.Core
		SccLocalPath2 = Adaptive.Core
		SccProjectUniqueName3 = Adaptive.Mail\\Adaptive.Mail.csproj
		SccProjectName3 = Adaptive.Mail
		SccLocalPath3 = Adaptive.Mail
		SccProjectUniqueName4 = Adaptive.Mail.TEST\\Adaptive.Mail.TEST.csproj
		SccProjectTopLevelParentUniqueName4 = AdaptiveAccessLayers.sln
		SccProjectName4 = Adaptive.Mail.TEST
		SccLocalPath4 = Adaptive.Mail.TEST
		SccProjectUniqueName5 = Adaptive.Log.NLog\\Adaptive.Log.NLog.csproj
		SccProjectName5 = Adaptive.Log.NLog
		SccLocalPath5 = Adaptive.Log.NLog
		SccProjectUniqueName6 = Adaptive.Log.NLog.TEST\\Adaptive.Log.NLog.TEST.csproj
		SccProjectTopLevelParentUniqueName6 = AdaptiveAccessLayers.sln
		SccProjectName6 = Adaptive.Log.NLog.TEST
		SccLocalPath6 = Adaptive.Log.NLog.TEST
		SccProjectUniqueName7 = Adaptive.Log\\Adaptive.Log.csproj
		SccProjectName7 = Adaptive.Log
		SccLocalPath7 = Adaptive.Log
		SccProjectUniqueName8 = Adaptive.IO\\Adaptive.IO.csproj
		SccProjectName8 = Adaptive.IO
		SccLocalPath8 = Adaptive.IO
		SccProjectUniqueName9 = Adaptive.IO.TEST\\Adaptive.IO.TEST.csproj
		SccProjectTopLevelParentUniqueName9 = AdaptiveAccessLayers.sln
		SccProjectName9 = Adaptive.IO.TEST
		SccLocalPath9 = Adaptive.IO.TEST
		SccProjectUniqueName10 = Adaptive.Database\\Adaptive.Database.csproj
		SccProjectName10 = Adaptive.Database
		SccLocalPath10 = Adaptive.Database
		SccProjectUniqueName11 = Adaptive.Database.Dapper\\Adaptive.Database.Dapper.csproj
		SccProjectName11 = Adaptive.Database.Dapper
		SccLocalPath11 = Adaptive.Database.Dapper
		SccProjectUniqueName12 = Adaptive.Database.Dapper.TEST\\Adaptive.Database.Dapper.TEST.csproj
		SccProjectTopLevelParentUniqueName12 = AdaptiveAccessLayers.sln
		SccProjectName12 = Adaptive.Database.Dapper.TEST
		SccLocalPath12 = Adaptive.Database.Dapper.TEST
	EndGlobalSection
	GlobalSection(SolutionConfigurationPlatforms) = preSolution
		Debug|Any CPU = Debug|Any CPU
		Release|Any CPU = Release|Any CPU
	EndGlobalSection
	GlobalSection(ProjectConfigurationPlatforms) = postSolution
		{FF7AF9C3-EB75-43D7-8F5D-8DD2E378C655}.Debug|Any CPU.ActiveCfg = Debug|Any CPU
		{FF7AF9C3-EB75-43D7-8F5D-8DD2E378C655}.Debug|Any CPU.Build.0 = Debug|Any CPU
		{FF7AF9C3-EB75-43D7-8F5D-8DD2E378C655}.Release|Any CPU.ActiveCfg = Release|Any CPU
		{FF7AF9C3-EB75-43D7-8F5D-8DD2E378C655}.Release|Any CPU.Build.0 = Release|Any CPU
		{3AA990CF-282B-4585-8BA2-C116E4720702}.Debug|Any CPU.ActiveCfg = Debug|Any CPU
		{3AA990CF-282B-4585-8BA2-C116E4720702}.Debug|Any CPU.Build.0 = Debug|Any CPU
		{3AA990CF-282B-4585-8BA2-C116E4720702}.Release|Any CPU.ActiveCfg = Release|Any CPU
		{3AA990CF-282B-4585-8BA2-C116E4720702}.Release|Any CPU.Build.0 = Release|Any CPU
		{1B79935C-A44F-4B99-9EAE-FA2F7BEA0E58}.Debug|Any CPU.ActiveCfg = Debug|Any CPU
		{1B79935C-A44F-4B99-9EAE-FA2F7BEA0E58}.Debug|Any CPU.Build.0 = Debug|Any CPU
		{1B79935C-A44F-4B99-9EAE-FA2F7BEA0E58}.Release|Any CPU.ActiveCfg = Release|Any CPU
		{1B79935C-A44F-4B99-9EAE-FA2F7BEA0E58}.Release|Any CPU.Build.0 = Release|Any CPU
		{97190673-A46E-4126-9BD4-AA6AC3C8658C}.Debug|Any CPU.ActiveCfg = Debug|Any CPU
		{97190673-A46E-4126-9BD4-AA6AC3C8658C}.Debug|Any CPU.Build.0 = Debug|Any CPU
		{97190673-A46E-4126-9BD4-AA6AC3C8658C}.Release|Any CPU.ActiveCfg = Release|Any CPU
		{97190673-A46E-4126-9BD4-AA6AC3C8658C}.Release|Any CPU.Build.0 = Release|Any CPU
		{48DB16F0-E72E-4447-B00F-CD07A80A3CC0}.Debug|Any CPU.ActiveCfg = Debug|Any CPU
		{48DB16F0-E72E-4447-B00F-CD07A80A3CC0}.Debug|Any CPU.Build.0 = Debug|Any CPU
		{48DB16F0-E72E-4447-B00F-CD07A80A3CC0}.Release|Any CPU.ActiveCfg = Release|Any CPU
		{48DB16F0-E72E-4447-B00F-CD07A80A3CC0}.Release|Any CPU.Build.0 = Release|Any CPU
		{A6F1D21A-2EE0-47E1-BA16-DFAFF3DBF449}.Debug|Any CPU.ActiveCfg = Debug|Any CPU
		{A6F1D21A-2EE0-47E1-BA16-DFAFF3DBF449}.Debug|Any CPU.Build.0 = Debug|Any CPU
		{A6F1D21A-2EE0-47E1-BA16-DFAFF3DBF449}.Release|Any CPU.ActiveCfg = Release|Any CPU
		{A6F1D21A-2EE0-47E1-BA16-DFAFF3DBF449}.Release|Any CPU.Build.0 = Release|Any CPU
		{4C283E6A-435F-4CAA-9A7D-5FA3D1B9B2F1}.Debug|Any CPU.ActiveCfg = Debug|Any CPU
		{4C283E6A-435F-4CAA-9A7D-5FA3D1B9B2F1}.Debug|Any CPU.Build.0 = Debug|Any CPU
		{4C283E6A-435F-4CAA-9A7D-5FA3D1B9B2F1}.Release|Any CPU.ActiveCfg = Release|Any CPU
		{4C283E6A-435F-4CAA-9A7D-5FA3D1B9B2F1}.Release|Any CPU.Build.0 = Release|Any CPU
		{7C002882-2BFA-45B6-B421-1C2B54BD3689}.Debug|Any CPU.ActiveCfg = Debug|Any CPU
		{7C002882-2BFA-45B6-B421-1C2B54BD3689}.Debug|Any CPU.Build.0 = Debug|Any CPU
		{7C002882-2BFA-45B6-B421-1C2B54BD3689}.Release|Any CPU.ActiveCfg = Release|Any CPU
		{7C002882-2BFA-45B6-B421-1C2B54BD3689}.Release|Any CPU.Build.0 = Release|Any CPU
		{EFDD914F-A53E-4E80-9035-E8A464048EA7}.Debug|Any CPU.ActiveCfg = Debug|Any CPU
		{EFDD914F-A53E-4E80-9035-E8A464048EA7}.Debug|Any CPU.Build.0 = Debug|Any CPU
		{EFDD914F-A53E-4E80-9035-E8A464048EA7}.Release|Any CPU.ActiveCfg = Release|Any CPU
		{EFDD914F-A53E-4E80-9035-E8A464048EA7}.Release|Any CPU.Build.0 = Release|Any CPU
		{E69ABCC2-E724-403E-8A4F-6F9898C76FD0}.Debug|Any CPU.ActiveCfg = Debug|Any CPU
		{E69ABCC2-E724-403E-8A4F-6F9898C76FD0}.Debug|Any CPU.Build.0 = Debug|Any CPU
		{E69ABCC2-E724-403E-8A4F-6F9898C76FD0}.Release|Any CPU.ActiveCfg = Release|Any CPU
		{E69ABCC2-E724-403E-8A4F-6F9898C76FD0}.Release|Any CPU.Build.0 = Release|Any CPU
		{4CB87235-1B79-408C-BB30-2895172E6A53}.Debug|Any CPU.ActiveCfg = Debug|Any CPU
		{4CB87235-1B79-408C-BB30-2895172E6A53}.Debug|Any CPU.Build.0 = Debug|Any CPU
		{4CB87235-1B79-408C-BB30-2895172E6A53}.Release|Any CPU.ActiveCfg = Release|Any CPU
		{4CB87235-1B79-408C-BB30-2895172E6A53}.Release|Any CPU.Build.0 = Release|Any CPU
		{0111BC2D-4637-4C6D-BCED-5D46FC38DEEA}.Debug|Any CPU.ActiveCfg = Debug|Any CPU
		{0111BC2D-4637-4C6D-BCED-5D46FC38DEEA}.Debug|Any CPU.Build.0 = Debug|Any CPU
		{0111BC2D-4637-4C6D-BCED-5D46FC38DEEA}.Release|Any CPU.ActiveCfg = Release|Any CPU
		{0111BC2D-4637-4C6D-BCED-5D46FC38DEEA}.Release|Any CPU.Build.0 = Release|Any CPU
	EndGlobalSection
	GlobalSection(SolutionProperties) = preSolution
		HideSolutionNode = FALSE
	EndGlobalSection
	GlobalSection(NestedProjects) = preSolution
		{3AA990CF-282B-4585-8BA2-C116E4720702} = {37CDF27C-21BC-4BFE-872E-F5DA4A824ACC}
		{97190673-A46E-4126-9BD4-AA6AC3C8658C} = {37CDF27C-21BC-4BFE-872E-F5DA4A824ACC}
		{A6F1D21A-2EE0-47E1-BA16-DFAFF3DBF449} = {37CDF27C-21BC-4BFE-872E-F5DA4A824ACC}
		{EFDD914F-A53E-4E80-9035-E8A464048EA7} = {37CDF27C-21BC-4BFE-872E-F5DA4A824ACC}
		{0111BC2D-4637-4C6D-BCED-5D46FC38DEEA} = {37CDF27C-21BC-4BFE-872E-F5DA4A824ACC}
	EndGlobalSection
EndGlobal
